{
  "name": "jessica",
  "version": "0.0.2",
  "lockfileVersion": 1,
  "requires": true,
  "dependencies": {
    "esm": {
      "version": "3.2.5",
      "resolved": "https://npm.g10.inf.liveblockauctions.com/esm/-/esm-3.2.5.tgz",
      "integrity": "sha512-rukU6Nd3agbHQCJWV4rrlZxqpbO3ix8qhUxK1BhKALGS2E465O0BFwgCOqJjNnYfO/I2MwpUBmPsW8DXoe8tcA=="
    },
    "ses": {
      "version": "0.3.0",
      "resolved": "https://npm.g10.inf.liveblockauctions.com/ses/-/ses-0.3.0.tgz",
      "integrity": "sha512-5gVS20sZF4X8uiU+6WG75ROoZKr8rBmRdon6/bXBU8pBxCWJYbuCBNerPqdZij2WEl0EZOeiOo7EzcrdhZKMbg==",
      "requires": {
        "esm": "^3.2.4"
      }
    }
  }
}
