{
  "requires": true,
  "lockfileVersion": 1,
  "dependencies": {
    "esm": {
      "version": "3.1.1",
      "resolved": "https://npm.g10.inf.liveblockauctions.com/esm/-/esm-3.1.1.tgz",
      "integrity": "sha512-Md2pR4IbR37UqubbgbA4+wiBorOEFB05Oo+g4WJW7W2ajiOhUfjZt77NzzCoQdrCb40GdKcflitm+XHDF053OQ=="
    },
    "ses": {
      "version": "0.2.0",
      "resolved": "https://npm.g10.inf.liveblockauctions.com/ses/-/ses-0.2.0.tgz",
      "integrity": "sha512-u6GPVOm0lWPGfT89tNKz1KwrFXUjvtFWMMmYguS9iBedMlGeSi3+ofsJcFL/ADFvOFtUjjCfa2tYUXzu+ryuOA=="
    }
  }
}
